// !$*UTF8*$!
{
	archiveVersion = 1;
	classes = {
	};
	objectVersion = 46;
	objects = {

/* Begin PBXBuildFile section */
		DAE22FBB15581DF4009E0A77 /* UIKit.framework in Frameworks */ = {isa = PBXBuildFile; fileRef = DAE22FBA15581DF4009E0A77 /* UIKit.framework */; };
		DAE22FBD15581DF4009E0A77 /* Foundation.framework in Frameworks */ = {isa = PBXBuildFile; fileRef = DAE22FBC15581DF4009E0A77 /* Foundation.framework */; };
		DAE22FBF15581DF4009E0A77 /* CoreGraphics.framework in Frameworks */ = {isa = PBXBuildFile; fileRef = DAE22FBE15581DF4009E0A77 /* CoreGraphics.framework */; };
		DAE22FC515581DF4009E0A77 /* InfoPlist.strings in Resources */ = {isa = PBXBuildFile; fileRef = DAE22FC315581DF4009E0A77 /* InfoPlist.strings */; };
		DAE22FC715581DF4009E0A77 /* main.m in Sources */ = {isa = PBXBuildFile; fileRef = DAE22FC615581DF4009E0A77 /* main.m */; };
		DAE22FCB15581DF4009E0A77 /* RYIAppDelegate.m in Sources */ = {isa = PBXBuildFile; fileRef = DAE22FCA15581DF4009E0A77 /* RYIAppDelegate.m */; };
		DAE22FD715581E41009E0A77 /* RYIRootViewController.m in Sources */ = {isa = PBXBuildFile; fileRef = DAE22FD515581E41009E0A77 /* RYIRootViewController.m */; };
		DAE22FD815581E41009E0A77 /* RYIRootViewController.xib in Resources */ = {isa = PBXBuildFile; fileRef = DAE22FD615581E41009E0A77 /* RYIRootViewController.xib */; };
		DAE22FDB1558203E009E0A77 /* Inhibition.m in Sources */ = {isa = PBXBuildFile; fileRef = DAE22FDA1558203E009E0A77 /* Inhibition.m */; };
/* End PBXBuildFile section */

/* Begin PBXFileReference section */
		DAE22FB615581DF4009E0A77 /* ReleaseYourInhibitions.app */ = {isa = PBXFileReference; explicitFileType = wrapper.application; includeInIndex = 0; path = ReleaseYourInhibitions.app; sourceTree = BUILT_PRODUCTS_DIR; };
		DAE22FBA15581DF4009E0A77 /* UIKit.framework */ = {isa = PBXFileReference; lastKnownFileType = wrapper.framework; name = UIKit.framework; path = System/Library/Frameworks/UIKit.framework; sourceTree = SDKROOT; };
		DAE22FBC15581DF4009E0A77 /* Foundation.framework */ = {isa = PBXFileReference; lastKnownFileType = wrapper.framework; name = Foundation.framework; path = System/Library/Frameworks/Foundation.framework; sourceTree = SDKROOT; };
		DAE22FBE15581DF4009E0A77 /* CoreGraphics.framework */ = {isa = PBXFileReference; lastKnownFileType = wrapper.framework; name = CoreGraphics.framework; path = System/Library/Frameworks/CoreGraphics.framework; sourceTree = SDKROOT; };
		DAE22FC215581DF4009E0A77 /* ReleaseYourInhibitions-Info.plist */ = {isa = PBXFileReference; lastKnownFileType = text.plist.xml; path = "ReleaseYourInhibitions-Info.plist"; sourceTree = "<group>"; };
		DAE22FC415581DF4009E0A77 /* en */ = {isa = PBXFileReference; lastKnownFileType = text.plist.strings; name = en; path = en.lproj/InfoPlist.strings; sourceTree = "<group>"; };
		DAE22FC615581DF4009E0A77 /* main.m */ = {isa = PBXFileReference; lastKnownFileType = sourcecode.c.objc; path = main.m; sourceTree = "<group>"; };
		DAE22FC815581DF4009E0A77 /* ReleaseYourInhibitions-Prefix.pch */ = {isa = PBXFileReference; lastKnownFileType = sourcecode.c.h; path = "ReleaseYourInhibitions-Prefix.pch"; sourceTree = "<group>"; };
		DAE22FC915581DF4009E0A77 /* RYIAppDelegate.h */ = {isa = PBXFileReference; lastKnownFileType = sourcecode.c.h; path = RYIAppDelegate.h; sourceTree = "<group>"; };
		DAE22FCA15581DF4009E0A77 /* RYIAppDelegate.m */ = {isa = PBXFileReference; lastKnownFileType = sourcecode.c.objc; path = RYIAppDelegate.m; sourceTree = "<group>"; };
		DAE22FD415581E41009E0A77 /* RYIRootViewController.h */ = {isa = PBXFileReference; fileEncoding = 4; lastKnownFileType = sourcecode.c.h; path = RYIRootViewController.h; sourceTree = "<group>"; };
		DAE22FD515581E41009E0A77 /* RYIRootViewController.m */ = {isa = PBXFileReference; fileEncoding = 4; lastKnownFileType = sourcecode.c.objc; path = RYIRootViewController.m; sourceTree = "<group>"; };
		DAE22FD615581E41009E0A77 /* RYIRootViewController.xib */ = {isa = PBXFileReference; fileEncoding = 4; lastKnownFileType = file.xib; name = RYIRootViewController.xib; path = ../Controllers/RYIRootViewController.xib; sourceTree = "<group>"; };
		DAE22FD91558203E009E0A77 /* Inhibition.h */ = {isa = PBXFileReference; fileEncoding = 4; lastKnownFileType = sourcecode.c.h; path = Inhibition.h; sourceTree = "<group>"; };
		DAE22FDA1558203E009E0A77 /* Inhibition.m */ = {isa = PBXFileReference; fileEncoding = 4; lastKnownFileType = sourcecode.c.objc; path = Inhibition.m; sourceTree = "<group>"; };
/* End PBXFileReference section */

/* Begin PBXFrameworksBuildPhase section */
		DAE22FB315581DF4009E0A77 /* Frameworks */ = {
			isa = PBXFrameworksBuildPhase;
			buildActionMask = 2147483647;
			files = (
				DAE22FBB15581DF4009E0A77 /* UIKit.framework in Frameworks */,
				DAE22FBD15581DF4009E0A77 /* Foundation.framework in Frameworks */,
				DAE22FBF15581DF4009E0A77 /* CoreGraphics.framework in Frameworks */,
			);
			runOnlyForDeploymentPostprocessing = 0;
		};
/* End PBXFrameworksBuildPhase section */

/* Begin PBXGroup section */
		DAE22FAB15581DF4009E0A77 = {
			isa = PBXGroup;
			children = (
				DAE22FC015581DF4009E0A77 /* ReleaseYourInhibitions */,
				DAE22FB915581DF4009E0A77 /* Frameworks */,
				DAE22FB715581DF4009E0A77 /* Products */,
			);
			sourceTree = "<group>";
		};
		DAE22FB715581DF4009E0A77 /* Products */ = {
			isa = PBXGroup;
			children = (
				DAE22FB615581DF4009E0A77 /* ReleaseYourInhibitions.app */,
			);
			name = Products;
			sourceTree = "<group>";
		};
		DAE22FB915581DF4009E0A77 /* Frameworks */ = {
			isa = PBXGroup;
			children = (
				DAE22FBA15581DF4009E0A77 /* UIKit.framework */,
				DAE22FBC15581DF4009E0A77 /* Foundation.framework */,
				DAE22FBE15581DF4009E0A77 /* CoreGraphics.framework */,
			);
			name = Frameworks;
			sourceTree = "<group>";
		};
		DAE22FC015581DF4009E0A77 /* ReleaseYourInhibitions */ = {
			isa = PBXGroup;
			children = (
				DAE22FD115581E28009E0A77 /* Controllers */,
				DAE22FD215581E28009E0A77 /* Models */,
				DAE22FD315581E28009E0A77 /* Resources */,
				DAE22FC915581DF4009E0A77 /* RYIAppDelegate.h */,
				DAE22FCA15581DF4009E0A77 /* RYIAppDelegate.m */,
				DAE22FC115581DF4009E0A77 /* Supporting Files */,
			);
			path = ReleaseYourInhibitions;
			sourceTree = "<group>";
		};
		DAE22FC115581DF4009E0A77 /* Supporting Files */ = {
			isa = PBXGroup;
			children = (
				DAE22FC215581DF4009E0A77 /* ReleaseYourInhibitions-Info.plist */,
				DAE22FC315581DF4009E0A77 /* InfoPlist.strings */,
				DAE22FC615581DF4009E0A77 /* main.m */,
				DAE22FC815581DF4009E0A77 /* ReleaseYourInhibitions-Prefix.pch */,
			);
			name = "Supporting Files";
			sourceTree = "<group>";
		};
		DAE22FD115581E28009E0A77 /* Controllers */ = {
			isa = PBXGroup;
			children = (
				DAE22FD415581E41009E0A77 /* RYIRootViewController.h */,
				DAE22FD515581E41009E0A77 /* RYIRootViewController.m */,
			);
			path = Controllers;
			sourceTree = "<group>";
		};
		DAE22FD215581E28009E0A77 /* Models */ = {
			isa = PBXGroup;
			children = (
				DAE22FD91558203E009E0A77 /* Inhibition.h */,
				DAE22FDA1558203E009E0A77 /* Inhibition.m */,
			);
			path = Models;
			sourceTree = "<group>";
		};
		DAE22FD315581E28009E0A77 /* Resources */ = {
			isa = PBXGroup;
			children = (
				DAE22FD615581E41009E0A77 /* RYIRootViewController.xib */,
			);
			path = Resources;
			sourceTree = "<group>";
		};
/* End PBXGroup section */

/* Begin PBXNativeTarget section */
		DAE22FB515581DF4009E0A77 /* ReleaseYourInhibitions */ = {
			isa = PBXNativeTarget;
			buildConfigurationList = DAE22FCE15581DF4009E0A77 /* Build configuration list for PBXNativeTarget "ReleaseYourInhibitions" */;
			buildPhases = (
				DAE22FB215581DF4009E0A77 /* Sources */,
				DAE22FB315581DF4009E0A77 /* Frameworks */,
				DAE22FB415581DF4009E0A77 /* Resources */,
			);
			buildRules = (
			);
			dependencies = (
			);
			name = ReleaseYourInhibitions;
			productName = ReleaseYourInhibitions;
			productReference = DAE22FB615581DF4009E0A77 /* ReleaseYourInhibitions.app */;
			productType = "com.apple.product-type.application";
		};
/* End PBXNativeTarget section */

/* Begin PBXProject section */
		DAE22FAD15581DF4009E0A77 /* Project object */ = {
			isa = PBXProject;
			attributes = {
				CLASSPREFIX = RYI;
				LastUpgradeCheck = 0430;
				ORGANIZATIONNAME = "Gree, Inc.";
			};
			buildConfigurationList = DAE22FB015581DF4009E0A77 /* Build configuration list for PBXProject "ReleaseYourInhibitions" */;
			compatibilityVersion = "Xcode 3.2";
			developmentRegion = English;
			hasScannedForEncodings = 0;
			knownRegions = (
				en,
			);
			mainGroup = DAE22FAB15581DF4009E0A77;
			productRefGroup = DAE22FB715581DF4009E0A77 /* Products */;
			projectDirPath = "";
			projectRoot = "";
			targets = (
				DAE22FB515581DF4009E0A77 /* ReleaseYourInhibitions */,
			);
		};
/* End PBXProject section */

/* Begin PBXResourcesBuildPhase section */
		DAE22FB415581DF4009E0A77 /* Resources */ = {
			isa = PBXResourcesBuildPhase;
			buildActionMask = 2147483647;
			files = (
				DAE22FC515581DF4009E0A77 /* InfoPlist.strings in Resources */,
				DAE22FD815581E41009E0A77 /* RYIRootViewController.xib in Resources */,
			);
			runOnlyForDeploymentPostprocessing = 0;
		};
/* End PBXResourcesBuildPhase section */

/* Begin PBXSourcesBuildPhase section */
		DAE22FB215581DF4009E0A77 /* Sources */ = {
			isa = PBXSourcesBuildPhase;
			buildActionMask = 2147483647;
			files = (
				DAE22FC715581DF4009E0A77 /* main.m in Sources */,
				DAE22FCB15581DF4009E0A77 /* RYIAppDelegate.m in Sources */,
				DAE22FD715581E41009E0A77 /* RYIRootViewController.m in Sources */,
				DAE22FDB1558203E009E0A77 /* Inhibition.m in Sources */,
			);
			runOnlyForDeploymentPostprocessing = 0;
		};
/* End PBXSourcesBuildPhase section */

/* Begin PBXVariantGroup section */
		DAE22FC315581DF4009E0A77 /* InfoPlist.strings */ = {
			isa = PBXVariantGroup;
			children = (
				DAE22FC415581DF4009E0A77 /* en */,
			);
			name = InfoPlist.strings;
			sourceTree = "<group>";
		};
/* End PBXVariantGroup section */

/* Begin XCBuildConfiguration section */
		DAE22FCC15581DF4009E0A77 /* Debug */ = {
			isa = XCBuildConfiguration;
			buildSettings = {
				ALWAYS_SEARCH_USER_PATHS = NO;
				ARCHS = "$(ARCHS_STANDARD_32_BIT)";
				"CODE_SIGN_IDENTITY[sdk=iphoneos*]" = "iPhone Developer";
				COPY_PHASE_STRIP = NO;
				GCC_C_LANGUAGE_STANDARD = gnu99;
				GCC_DYNAMIC_NO_PIC = NO;
				GCC_OPTIMIZATION_LEVEL = 0;
				GCC_PREPROCESSOR_DEFINITIONS = (
					"DEBUG=1",
					"$(inherited)",
				);
				GCC_SYMBOLS_PRIVATE_EXTERN = NO;
				GCC_VERSION = com.apple.compilers.llvm.clang.1_0;
				GCC_WARN_ABOUT_RETURN_TYPE = YES;
				GCC_WARN_UNINITIALIZED_AUTOS = YES;
				GCC_WARN_UNUSED_VARIABLE = YES;
				IPHONEOS_DEPLOYMENT_TARGET = 5.1;
				SDKROOT = iphoneos;
				TARGETED_DEVICE_FAMILY = "1,2";
			};
			name = Debug;
		};
		DAE22FCD15581DF4009E0A77 /* Release */ = {
			isa = XCBuildConfiguration;
			buildSettings = {
				ALWAYS_SEARCH_USER_PATHS = NO;
				ARCHS = "$(ARCHS_STANDARD_32_BIT)";
				"CODE_SIGN_IDENTITY[sdk=iphoneos*]" = "iPhone Developer";
				COPY_PHASE_STRIP = YES;
				GCC_C_LANGUAGE_STANDARD = gnu99;
				GCC_VERSION = com.apple.compilers.llvm.clang.1_0;
				GCC_WARN_ABOUT_RETURN_TYPE = YES;
				GCC_WARN_UNINITIALIZED_AUTOS = YES;
				GCC_WARN_UNUSED_VARIABLE = YES;
				IPHONEOS_DEPLOYMENT_TARGET = 5.1;
				OTHER_CFLAGS = "-DNS_BLOCK_ASSERTIONS=1";
				SDKROOT = iphoneos;
				TARGETED_DEVICE_FAMILY = "1,2";
				VALIDATE_PRODUCT = YES;
			};
			name = Release;
		};
		DAE22FCF15581DF4009E0A77 /* Debug */ = {
			isa = XCBuildConfiguration;
			buildSettings = {
				GCC_PRECOMPILE_PREFIX_HEADER = YES;
				GCC_PREFIX_HEADER = "ReleaseYourInhibitions/ReleaseYourInhibitions-Prefix.pch";
				INFOPLIST_FILE = "ReleaseYourInhibitions/ReleaseYourInhibitions-Info.plist";
				PRODUCT_NAME = "$(TARGET_NAME)";
				TARGETED_DEVICE_FAMILY = 1;
				WRAPPER_EXTENSION = app;
			};
			name = Debug;
		};
		DAE22FD015581DF4009E0A77 /* Release */ = {
			isa = XCBuildConfiguration;
			buildSettings = {
				GCC_PRECOMPILE_PREFIX_HEADER = YES;
				GCC_PREFIX_HEADER = "ReleaseYourInhibitions/ReleaseYourInhibitions-Prefix.pch";
				INFOPLIST_FILE = "ReleaseYourInhibitions/ReleaseYourInhibitions-Info.plist";
				PRODUCT_NAME = "$(TARGET_NAME)";
				TARGETED_DEVICE_FAMILY = 1;
				WRAPPER_EXTENSION = app;
			};
			name = Release;
		};
/* End XCBuildConfiguration section */

/* Begin XCConfigurationList section */
		DAE22FB015581DF4009E0A77 /* Build configuration list for PBXProject "ReleaseYourInhibitions" */ = {
			isa = XCConfigurationList;
			buildConfigurations = (
				DAE22FCC15581DF4009E0A77 /* Debug */,
				DAE22FCD15581DF4009E0A77 /* Release */,
			);
			defaultConfigurationIsVisible = 0;
			defaultConfigurationName = Release;
		};
		DAE22FCE15581DF4009E0A77 /* Build configuration list for PBXNativeTarget "ReleaseYourInhibitions" */ = {
			isa = XCConfigurationList;
			buildConfigurations = (
				DAE22FCF15581DF4009E0A77 /* Debug */,
				DAE22FD015581DF4009E0A77 /* Release */,
			);
			defaultConfigurationIsVisible = 0;
		};
/* End XCConfigurationList section */
	};
	rootObject = DAE22FAD15581DF4009E0A77 /* Project object */;
}
